PODS:
  - AsyncDisplayKit (1.9.7):
    - AsyncDisplayKit/PINRemoteImage (= 1.9.7)
  - AsyncDisplayKit/ASDealloc2MainObject (1.9.7)
  - AsyncDisplayKit/PINRemoteImage (1.9.7):
    - AsyncDisplayKit/ASDealloc2MainObject
    - PINRemoteImage/iOS (>= 2)
  - PINCache (2.2.2)
  - PINRemoteImage/Core (2.1.2):
    - PINCache (>= 2.1)
  - PINRemoteImage/iOS (2.1.2):
    - PINRemoteImage/Core
  - pop (1.0.9)

DEPENDENCIES:
  - AsyncDisplayKit
  - pop (~> 1.0)

SPEC CHECKSUMS:
  AsyncDisplayKit: eb762d3bfd3896b2901909ebc24b54c97f32d43c
  PINCache: 078426d356ab95ef875e9e62e5c35a2ea3333c28
  PINRemoteImage: 2ce3f1fcc52f0360a3821f91f1a1bc653c5d2338
  pop: f667631a5108a2e60d9e8797c9b32ddaf2080bce

COCOAPODS: 0.39.0
