// !$*UTF8*$!
{
	archiveVersion = 1;
	classes = {
	};
	objectVersion = 46;
	objects = {

/* Begin PBXBuildFile section */
		7B112A063A28FBA848134543 /* Pods_PopTest.framework in Frameworks */ = {isa = PBXBuildFile; fileRef = 344A9A12C8181FB8046C99D3 /* Pods_PopTest.framework */; };
		F240B0E51CA652B500A1FAE9 /* pop.framework in Frameworks */ = {isa = PBXBuildFile; fileRef = F240B0E41CA652B500A1FAE9 /* pop.framework */; };
		F240B0E61CA652B500A1FAE9 /* pop.framework in Embed Frameworks */ = {isa = PBXBuildFile; fileRef = F240B0E41CA652B500A1FAE9 /* pop.framework */; settings = {ATTRIBUTES = (CodeSignOnCopy, RemoveHeadersOnCopy, ); }; };
		F240B0E91CA652BA00A1FAE9 /* Pods_PopTest.framework in Frameworks */ = {isa = PBXBuildFile; fileRef = F240B0E81CA652BA00A1FAE9 /* Pods_PopTest.framework */; };
		F240B0EA1CA652BA00A1FAE9 /* Pods_PopTest.framework in Embed Frameworks */ = {isa = PBXBuildFile; fileRef = F240B0E81CA652BA00A1FAE9 /* Pods_PopTest.framework */; settings = {ATTRIBUTES = (CodeSignOnCopy, RemoveHeadersOnCopy, ); }; };
		F240B0EC1CA652C000A1FAE9 /* AsyncDisplayKit.framework in Frameworks */ = {isa = PBXBuildFile; fileRef = F240B0EB1CA652C000A1FAE9 /* AsyncDisplayKit.framework */; };
		F240B0ED1CA652C000A1FAE9 /* AsyncDisplayKit.framework in Embed Frameworks */ = {isa = PBXBuildFile; fileRef = F240B0EB1CA652C000A1FAE9 /* AsyncDisplayKit.framework */; settings = {ATTRIBUTES = (CodeSignOnCopy, RemoveHeadersOnCopy, ); }; };
		F240B0EF1CA652C500A1FAE9 /* PINCache.framework in Frameworks */ = {isa = PBXBuildFile; fileRef = F240B0EE1CA652C500A1FAE9 /* PINCache.framework */; };
		F240B0F01CA652C500A1FAE9 /* PINCache.framework in Embed Frameworks */ = {isa = PBXBuildFile; fileRef = F240B0EE1CA652C500A1FAE9 /* PINCache.framework */; settings = {ATTRIBUTES = (CodeSignOnCopy, RemoveHeadersOnCopy, ); }; };
		F240B0F21CA652CA00A1FAE9 /* PINRemoteImage.framework in Frameworks */ = {isa = PBXBuildFile; fileRef = F240B0F11CA652CA00A1FAE9 /* PINRemoteImage.framework */; };
		F240B0F31CA652CA00A1FAE9 /* PINRemoteImage.framework in Embed Frameworks */ = {isa = PBXBuildFile; fileRef = F240B0F11CA652CA00A1FAE9 /* PINRemoteImage.framework */; settings = {ATTRIBUTES = (CodeSignOnCopy, RemoveHeadersOnCopy, ); }; };
		F24850721CA6C7C4004E3197 /* MainViewController.m in Sources */ = {isa = PBXBuildFile; fileRef = F24850711CA6C7C4004E3197 /* MainViewController.m */; };
		F24850751CA6C7FB004E3197 /* NextViewController.m in Sources */ = {isa = PBXBuildFile; fileRef = F24850741CA6C7FB004E3197 /* NextViewController.m */; };
		F27375611CA64E9200CD7849 /* AppDelegate.swift in Sources */ = {isa = PBXBuildFile; fileRef = F27375601CA64E9200CD7849 /* AppDelegate.swift */; };
		F27375661CA64E9200CD7849 /* Main.storyboard in Resources */ = {isa = PBXBuildFile; fileRef = F27375641CA64E9200CD7849 /* Main.storyboard */; };
		F27375691CA64E9200CD7849 /* PopTest.xcdatamodeld in Sources */ = {isa = PBXBuildFile; fileRef = F27375671CA64E9200CD7849 /* PopTest.xcdatamodeld */; };
		F273756B1CA64E9200CD7849 /* Assets.xcassets in Resources */ = {isa = PBXBuildFile; fileRef = F273756A1CA64E9200CD7849 /* Assets.xcassets */; };
		F273756E1CA64E9200CD7849 /* LaunchScreen.storyboard in Resources */ = {isa = PBXBuildFile; fileRef = F273756C1CA64E9200CD7849 /* LaunchScreen.storyboard */; };
		F27375791CA64E9200CD7849 /* PopTestTests.swift in Sources */ = {isa = PBXBuildFile; fileRef = F27375781CA64E9200CD7849 /* PopTestTests.swift */; };
		F27375841CA64E9200CD7849 /* PopTestUITests.swift in Sources */ = {isa = PBXBuildFile; fileRef = F27375831CA64E9200CD7849 /* PopTestUITests.swift */; };
		F2C8C9AD1CA6E2AF00F27B0A /* ThirdViewController.swift in Sources */ = {isa = PBXBuildFile; fileRef = F2C8C9AC1CA6E2AF00F27B0A /* ThirdViewController.swift */; };
/* End PBXBuildFile section */

/* Begin PBXContainerItemProxy section */
		F27375751CA64E9200CD7849 /* PBXContainerItemProxy */ = {
			isa = PBXContainerItemProxy;
			containerPortal = F27375551CA64E9100CD7849 /* Project object */;
			proxyType = 1;
			remoteGlobalIDString = F273755C1CA64E9100CD7849;
			remoteInfo = PopTest;
		};
		F27375801CA64E9200CD7849 /* PBXContainerItemProxy */ = {
			isa = PBXContainerItemProxy;
			containerPortal = F27375551CA64E9100CD7849 /* Project object */;
			proxyType = 1;
			remoteGlobalIDString = F273755C1CA64E9100CD7849;
			remoteInfo = PopTest;
		};
/* End PBXContainerItemProxy section */

/* Begin PBXCopyFilesBuildPhase section */
		F240B0E71CA652B500A1FAE9 /* Embed Frameworks */ = {
			isa = PBXCopyFilesBuildPhase;
			buildActionMask = 2147483647;
			dstPath = "";
			dstSubfolderSpec = 10;
			files = (
				F240B0F31CA652CA00A1FAE9 /* PINRemoteImage.framework in Embed Frameworks */,
				F240B0EA1CA652BA00A1FAE9 /* Pods_PopTest.framework in Embed Frameworks */,
				F240B0F01CA652C500A1FAE9 /* PINCache.framework in Embed Frameworks */,
				F240B0E61CA652B500A1FAE9 /* pop.framework in Embed Frameworks */,
				F240B0ED1CA652C000A1FAE9 /* AsyncDisplayKit.framework in Embed Frameworks */,
			);
			name = "Embed Frameworks";
			runOnlyForDeploymentPostprocessing = 0;
		};
/* End PBXCopyFilesBuildPhase section */

/* Begin PBXFileReference section */
		097CD9BE4C98E184833E733E /* Pods-PopTest.debug.xcconfig */ = {isa = PBXFileReference; includeInIndex = 1; lastKnownFileType = text.xcconfig; name = "Pods-PopTest.debug.xcconfig"; path = "Pods/Target Support Files/Pods-PopTest/Pods-PopTest.debug.xcconfig"; sourceTree = "<group>"; };
		2512B74839183DB933668D09 /* Pods-PopTest.release.xcconfig */ = {isa = PBXFileReference; includeInIndex = 1; lastKnownFileType = text.xcconfig; name = "Pods-PopTest.release.xcconfig"; path = "Pods/Target Support Files/Pods-PopTest/Pods-PopTest.release.xcconfig"; sourceTree = "<group>"; };
		344A9A12C8181FB8046C99D3 /* Pods_PopTest.framework */ = {isa = PBXFileReference; explicitFileType = wrapper.framework; includeInIndex = 0; path = Pods_PopTest.framework; sourceTree = BUILT_PRODUCTS_DIR; };
		F240B0E41CA652B500A1FAE9 /* pop.framework */ = {isa = PBXFileReference; explicitFileType = wrapper.framework; name = pop.framework; path = "/Users/wangkang/Library/Developer/Xcode/DerivedData/PopTest-gxfhvrhpbzyzzedkwkgqamrlzeuz/Build/Products/Debug-iphonesimulator/pop.framework"; sourceTree = "<absolute>"; };
		F240B0E81CA652BA00A1FAE9 /* Pods_PopTest.framework */ = {isa = PBXFileReference; explicitFileType = wrapper.framework; name = Pods_PopTest.framework; path = "/Users/wangkang/Library/Developer/Xcode/DerivedData/PopTest-gxfhvrhpbzyzzedkwkgqamrlzeuz/Build/Products/Debug-iphonesimulator/Pods_PopTest.framework"; sourceTree = "<absolute>"; };
		F240B0EB1CA652C000A1FAE9 /* AsyncDisplayKit.framework */ = {isa = PBXFileReference; explicitFileType = wrapper.framework; name = AsyncDisplayKit.framework; path = "/Users/wangkang/Library/Developer/Xcode/DerivedData/PopTest-gxfhvrhpbzyzzedkwkgqamrlzeuz/Build/Products/Debug-iphonesimulator/AsyncDisplayKit.framework"; sourceTree = "<absolute>"; };
		F240B0EE1CA652C500A1FAE9 /* PINCache.framework */ = {isa = PBXFileReference; explicitFileType = wrapper.framework; name = PINCache.framework; path = "/Users/wangkang/Library/Developer/Xcode/DerivedData/PopTest-gxfhvrhpbzyzzedkwkgqamrlzeuz/Build/Products/Debug-iphonesimulator/PINCache.framework"; sourceTree = "<absolute>"; };
		F240B0F11CA652CA00A1FAE9 /* PINRemoteImage.framework */ = {isa = PBXFileReference; explicitFileType = wrapper.framework; name = PINRemoteImage.framework; path = "/Users/wangkang/Library/Developer/Xcode/DerivedData/PopTest-gxfhvrhpbzyzzedkwkgqamrlzeuz/Build/Products/Debug-iphonesimulator/PINRemoteImage.framework"; sourceTree = "<absolute>"; };
		F248506F1CA6C7C4004E3197 /* PopTest-Bridging-Header.h */ = {isa = PBXFileReference; lastKnownFileType = sourcecode.c.h; path = "PopTest-Bridging-Header.h"; sourceTree = "<group>"; };
		F24850701CA6C7C4004E3197 /* MainViewController.h */ = {isa = PBXFileReference; fileEncoding = 4; lastKnownFileType = sourcecode.c.h; path = MainViewController.h; sourceTree = "<group>"; };
		F24850711CA6C7C4004E3197 /* MainViewController.m */ = {isa = PBXFileReference; fileEncoding = 4; lastKnownFileType = sourcecode.c.objc; path = MainViewController.m; sourceTree = "<group>"; };
		F24850731CA6C7FB004E3197 /* NextViewController.h */ = {isa = PBXFileReference; fileEncoding = 4; lastKnownFileType = sourcecode.c.h; path = NextViewController.h; sourceTree = "<group>"; };
		F24850741CA6C7FB004E3197 /* NextViewController.m */ = {isa = PBXFileReference; fileEncoding = 4; lastKnownFileType = sourcecode.c.objc; path = NextViewController.m; sourceTree = "<group>"; };
		F273755D1CA64E9200CD7849 /* PopTest.app */ = {isa = PBXFileReference; explicitFileType = wrapper.application; includeInIndex = 0; path = PopTest.app; sourceTree = BUILT_PRODUCTS_DIR; };
		F27375601CA64E9200CD7849 /* AppDelegate.swift */ = {isa = PBXFileReference; lastKnownFileType = sourcecode.swift; path = AppDelegate.swift; sourceTree = "<group>"; };
		F27375651CA64E9200CD7849 /* Base */ = {isa = PBXFileReference; lastKnownFileType = file.storyboard; name = Base; path = Base.lproj/Main.storyboard; sourceTree = "<group>"; };
		F27375681CA64E9200CD7849 /* PopTest.xcdatamodel */ = {isa = PBXFileReference; lastKnownFileType = wrapper.xcdatamodel; path = PopTest.xcdatamodel; sourceTree = "<group>"; };
		F273756A1CA64E9200CD7849 /* Assets.xcassets */ = {isa = PBXFileReference; lastKnownFileType = folder.assetcatalog; path = Assets.xcassets; sourceTree = "<group>"; };
		F273756D1CA64E9200CD7849 /* Base */ = {isa = PBXFileReference; lastKnownFileType = file.storyboard; name = Base; path = Base.lproj/LaunchScreen.storyboard; sourceTree = "<group>"; };
		F273756F1CA64E9200CD7849 /* Info.plist */ = {isa = PBXFileReference; lastKnownFileType = text.plist.xml; path = Info.plist; sourceTree = "<group>"; };
		F27375741CA64E9200CD7849 /* PopTestTests.xctest */ = {isa = PBXFileReference; explicitFileType = wrapper.cfbundle; includeInIndex = 0; path = PopTestTests.xctest; sourceTree = BUILT_PRODUCTS_DIR; };
		F27375781CA64E9200CD7849 /* PopTestTests.swift */ = {isa = PBXFileReference; lastKnownFileType = sourcecode.swift; path = PopTestTests.swift; sourceTree = "<group>"; };
		F273757A1CA64E9200CD7849 /* Info.plist */ = {isa = PBXFileReference; lastKnownFileType = text.plist.xml; path = Info.plist; sourceTree = "<group>"; };
		F273757F1CA64E9200CD7849 /* PopTestUITests.xctest */ = {isa = PBXFileReference; explicitFileType = wrapper.cfbundle; includeInIndex = 0; path = PopTestUITests.xctest; sourceTree = BUILT_PRODUCTS_DIR; };
		F27375831CA64E9200CD7849 /* PopTestUITests.swift */ = {isa = PBXFileReference; lastKnownFileType = sourcecode.swift; path = PopTestUITests.swift; sourceTree = "<group>"; };
		F27375851CA64E9200CD7849 /* Info.plist */ = {isa = PBXFileReference; lastKnownFileType = text.plist.xml; path = Info.plist; sourceTree = "<group>"; };
		F2C8C9AC1CA6E2AF00F27B0A /* ThirdViewController.swift */ = {isa = PBXFileReference; fileEncoding = 4; lastKnownFileType = sourcecode.swift; path = ThirdViewController.swift; sourceTree = "<group>"; };
/* End PBXFileReference section */

/* Begin PBXFrameworksBuildPhase section */
		F273755A1CA64E9100CD7849 /* Frameworks */ = {
			isa = PBXFrameworksBuildPhase;
			buildActionMask = 2147483647;
			files = (
				F240B0F21CA652CA00A1FAE9 /* PINRemoteImage.framework in Frameworks */,
				F240B0EF1CA652C500A1FAE9 /* PINCache.framework in Frameworks */,
				F240B0E91CA652BA00A1FAE9 /* Pods_PopTest.framework in Frameworks */,
				F240B0EC1CA652C000A1FAE9 /* AsyncDisplayKit.framework in Frameworks */,
				F240B0E51CA652B500A1FAE9 /* pop.framework in Frameworks */,
				7B112A063A28FBA848134543 /* Pods_PopTest.framework in Frameworks */,
			);
			runOnlyForDeploymentPostprocessing = 0;
		};
		F27375711CA64E9200CD7849 /* Frameworks */ = {
			isa = PBXFrameworksBuildPhase;
			buildActionMask = 2147483647;
			files = (
			);
			runOnlyForDeploymentPostprocessing = 0;
		};
		F273757C1CA64E9200CD7849 /* Frameworks */ = {
			isa = PBXFrameworksBuildPhase;
			buildActionMask = 2147483647;
			files = (
			);
			runOnlyForDeploymentPostprocessing = 0;
		};
/* End PBXFrameworksBuildPhase section */

/* Begin PBXGroup section */
		7E1353D16407E55DA5A5B29F /* Pods */ = {
			isa = PBXGroup;
			children = (
				097CD9BE4C98E184833E733E /* Pods-PopTest.debug.xcconfig */,
				2512B74839183DB933668D09 /* Pods-PopTest.release.xcconfig */,
			);
			name = Pods;
			sourceTree = "<group>";
		};
		CF1BFC0CA60BEE79B053BC7C /* Frameworks */ = {
			isa = PBXGroup;
			children = (
				344A9A12C8181FB8046C99D3 /* Pods_PopTest.framework */,
			);
			name = Frameworks;
			sourceTree = "<group>";
		};
		F27375541CA64E9100CD7849 = {
			isa = PBXGroup;
			children = (
				F240B0F11CA652CA00A1FAE9 /* PINRemoteImage.framework */,
				F240B0EE1CA652C500A1FAE9 /* PINCache.framework */,
				F240B0EB1CA652C000A1FAE9 /* AsyncDisplayKit.framework */,
				F240B0E81CA652BA00A1FAE9 /* Pods_PopTest.framework */,
				F240B0E41CA652B500A1FAE9 /* pop.framework */,
				F273755F1CA64E9200CD7849 /* PopTest */,
				F27375771CA64E9200CD7849 /* PopTestTests */,
				F27375821CA64E9200CD7849 /* PopTestUITests */,
				F273755E1CA64E9200CD7849 /* Products */,
				7E1353D16407E55DA5A5B29F /* Pods */,
				CF1BFC0CA60BEE79B053BC7C /* Frameworks */,
			);
			sourceTree = "<group>";
		};
		F273755E1CA64E9200CD7849 /* Products */ = {
			isa = PBXGroup;
			children = (
				F273755D1CA64E9200CD7849 /* PopTest.app */,
				F27375741CA64E9200CD7849 /* PopTestTests.xctest */,
				F273757F1CA64E9200CD7849 /* PopTestUITests.xctest */,
			);
			name = Products;
			sourceTree = "<group>";
		};
		F273755F1CA64E9200CD7849 /* PopTest */ = {
			isa = PBXGroup;
			children = (
				F27375601CA64E9200CD7849 /* AppDelegate.swift */,
				F27375641CA64E9200CD7849 /* Main.storyboard */,
				F2C8C9AC1CA6E2AF00F27B0A /* ThirdViewController.swift */,
				F248506F1CA6C7C4004E3197 /* PopTest-Bridging-Header.h */,
				F24850731CA6C7FB004E3197 /* NextViewController.h */,
				F24850741CA6C7FB004E3197 /* NextViewController.m */,
				F24850701CA6C7C4004E3197 /* MainViewController.h */,
				F24850711CA6C7C4004E3197 /* MainViewController.m */,
				F273756A1CA64E9200CD7849 /* Assets.xcassets */,
				F273756C1CA64E9200CD7849 /* LaunchScreen.storyboard */,
				F273756F1CA64E9200CD7849 /* Info.plist */,
				F27375671CA64E9200CD7849 /* PopTest.xcdatamodeld */,
			);
			path = PopTest;
			sourceTree = "<group>";
		};
		F27375771CA64E9200CD7849 /* PopTestTests */ = {
			isa = PBXGroup;
			children = (
				F27375781CA64E9200CD7849 /* PopTestTests.swift */,
				F273757A1CA64E9200CD7849 /* Info.plist */,
			);
			path = PopTestTests;
			sourceTree = "<group>";
		};
		F27375821CA64E9200CD7849 /* PopTestUITests */ = {
			isa = PBXGroup;
			children = (
				F27375831CA64E9200CD7849 /* PopTestUITests.swift */,
				F27375851CA64E9200CD7849 /* Info.plist */,
			);
			path = PopTestUITests;
			sourceTree = "<group>";
		};
/* End PBXGroup section */

/* Begin PBXNativeTarget section */
		F273755C1CA64E9100CD7849 /* PopTest */ = {
			isa = PBXNativeTarget;
			buildConfigurationList = F27375881CA64E9200CD7849 /* Build configuration list for PBXNativeTarget "PopTest" */;
			buildPhases = (
				A7B63158279945A0196998E3 /* Check Pods Manifest.lock */,
				F27375591CA64E9100CD7849 /* Sources */,
				F273755A1CA64E9100CD7849 /* Frameworks */,
				F273755B1CA64E9100CD7849 /* Resources */,
				8774E7F68E25F8C7A413ED74 /* Embed Pods Frameworks */,
				D50DFD60568195439359514D /* Copy Pods Resources */,
				F240B0E71CA652B500A1FAE9 /* Embed Frameworks */,
			);
			buildRules = (
			);
			dependencies = (
			);
			name = PopTest;
			productName = PopTest;
			productReference = F273755D1CA64E9200CD7849 /* PopTest.app */;
			productType = "com.apple.product-type.application";
		};
		F27375731CA64E9200CD7849 /* PopTestTests */ = {
			isa = PBXNativeTarget;
			buildConfigurationList = F273758B1CA64E9200CD7849 /* Build configuration list for PBXNativeTarget "PopTestTests" */;
			buildPhases = (
				F27375701CA64E9200CD7849 /* Sources */,
				F27375711CA64E9200CD7849 /* Frameworks */,
				F27375721CA64E9200CD7849 /* Resources */,
			);
			buildRules = (
			);
			dependencies = (
				F27375761CA64E9200CD7849 /* PBXTargetDependency */,
			);
			name = PopTestTests;
			productName = PopTestTests;
			productReference = F27375741CA64E9200CD7849 /* PopTestTests.xctest */;
			productType = "com.apple.product-type.bundle.unit-test";
		};
		F273757E1CA64E9200CD7849 /* PopTestUITests */ = {
			isa = PBXNativeTarget;
			buildConfigurationList = F273758E1CA64E9200CD7849 /* Build configuration list for PBXNativeTarget "PopTestUITests" */;
			buildPhases = (
				F273757B1CA64E9200CD7849 /* Sources */,
				F273757C1CA64E9200CD7849 /* Frameworks */,
				F273757D1CA64E9200CD7849 /* Resources */,
			);
			buildRules = (
			);
			dependencies = (
				F27375811CA64E9200CD7849 /* PBXTargetDependency */,
			);
			name = PopTestUITests;
			productName = PopTestUITests;
			productReference = F273757F1CA64E9200CD7849 /* PopTestUITests.xctest */;
			productType = "com.apple.product-type.bundle.ui-testing";
		};
/* End PBXNativeTarget section */

/* Begin PBXProject section */
		F27375551CA64E9100CD7849 /* Project object */ = {
			isa = PBXProject;
			attributes = {
				LastSwiftUpdateCheck = 0730;
				LastUpgradeCheck = 0730;
				ORGANIZATIONNAME = wangkang;
				TargetAttributes = {
					F273755C1CA64E9100CD7849 = {
						CreatedOnToolsVersion = 7.3;
					};
					F27375731CA64E9200CD7849 = {
						CreatedOnToolsVersion = 7.3;
						TestTargetID = F273755C1CA64E9100CD7849;
					};
					F273757E1CA64E9200CD7849 = {
						CreatedOnToolsVersion = 7.3;
						TestTargetID = F273755C1CA64E9100CD7849;
					};
				};
			};
			buildConfigurationList = F27375581CA64E9100CD7849 /* Build configuration list for PBXProject "PopTest" */;
			compatibilityVersion = "Xcode 3.2";
			developmentRegion = English;
			hasScannedForEncodings = 0;
			knownRegions = (
				en,
				Base,
			);
			mainGroup = F27375541CA64E9100CD7849;
			productRefGroup = F273755E1CA64E9200CD7849 /* Products */;
			projectDirPath = "";
			projectRoot = "";
			targets = (
				F273755C1CA64E9100CD7849 /* PopTest */,
				F27375731CA64E9200CD7849 /* PopTestTests */,
				F273757E1CA64E9200CD7849 /* PopTestUITests */,
			);
		};
/* End PBXProject section */

/* Begin PBXResourcesBuildPhase section */
		F273755B1CA64E9100CD7849 /* Resources */ = {
			isa = PBXResourcesBuildPhase;
			buildActionMask = 2147483647;
			files = (
				F273756E1CA64E9200CD7849 /* LaunchScreen.storyboard in Resources */,
				F273756B1CA64E9200CD7849 /* Assets.xcassets in Resources */,
				F27375661CA64E9200CD7849 /* Main.storyboard in Resources */,
			);
			runOnlyForDeploymentPostprocessing = 0;
		};
		F27375721CA64E9200CD7849 /* Resources */ = {
			isa = PBXResourcesBuildPhase;
			buildActionMask = 2147483647;
			files = (
			);
			runOnlyForDeploymentPostprocessing = 0;
		};
		F273757D1CA64E9200CD7849 /* Resources */ = {
			isa = PBXResourcesBuildPhase;
			buildActionMask = 2147483647;
			files = (
			);
			runOnlyForDeploymentPostprocessing = 0;
		};
/* End PBXResourcesBuildPhase section */

/* Begin PBXShellScriptBuildPhase section */
		8774E7F68E25F8C7A413ED74 /* Embed Pods Frameworks */ = {
			isa = PBXShellScriptBuildPhase;
			buildActionMask = 2147483647;
			files = (
			);
			inputPaths = (
			);
			name = "Embed Pods Frameworks";
			outputPaths = (
			);
			runOnlyForDeploymentPostprocessing = 0;
			shellPath = /bin/sh;
			shellScript = "\"${SRCROOT}/Pods/Target Support Files/Pods-PopTest/Pods-PopTest-frameworks.sh\"\n";
			showEnvVarsInLog = 0;
		};
		A7B63158279945A0196998E3 /* Check Pods Manifest.lock */ = {
			isa = PBXShellScriptBuildPhase;
			buildActionMask = 2147483647;
			files = (
			);
			inputPaths = (
			);
			name = "Check Pods Manifest.lock";
			outputPaths = (
			);
			runOnlyForDeploymentPostprocessing = 0;
			shellPath = /bin/sh;
			shellScript = "diff \"${PODS_ROOT}/../Podfile.lock\" \"${PODS_ROOT}/Manifest.lock\" > /dev/null\nif [[ $? != 0 ]] ; then\n    cat << EOM\nerror: The sandbox is not in sync with the Podfile.lock. Run 'pod install' or update your CocoaPods installation.\nEOM\n    exit 1\nfi\n";
			showEnvVarsInLog = 0;
		};
		D50DFD60568195439359514D /* Copy Pods Resources */ = {
			isa = PBXShellScriptBuildPhase;
			buildActionMask = 2147483647;
			files = (
			);
			inputPaths = (
			);
			name = "Copy Pods Resources";
			outputPaths = (
			);
			runOnlyForDeploymentPostprocessing = 0;
			shellPath = /bin/sh;
			shellScript = "\"${SRCROOT}/Pods/Target Support Files/Pods-PopTest/Pods-PopTest-resources.sh\"\n";
			showEnvVarsInLog = 0;
		};
/* End PBXShellScriptBuildPhase section */

/* Begin PBXSourcesBuildPhase section */
		F27375591CA64E9100CD7849 /* Sources */ = {
			isa = PBXSourcesBuildPhase;
			buildActionMask = 2147483647;
			files = (
				F24850751CA6C7FB004E3197 /* NextViewController.m in Sources */,
				F27375691CA64E9200CD7849 /* PopTest.xcdatamodeld in Sources */,
				F2C8C9AD1CA6E2AF00F27B0A /* ThirdViewController.swift in Sources */,
				F24850721CA6C7C4004E3197 /* MainViewController.m in Sources */,
				F27375611CA64E9200CD7849 /* AppDelegate.swift in Sources */,
			);
			runOnlyForDeploymentPostprocessing = 0;
		};
		F27375701CA64E9200CD7849 /* Sources */ = {
			isa = PBXSourcesBuildPhase;
			buildActionMask = 2147483647;
			files = (
				F27375791CA64E9200CD7849 /* PopTestTests.swift in Sources */,
			);
			runOnlyForDeploymentPostprocessing = 0;
		};
		F273757B1CA64E9200CD7849 /* Sources */ = {
			isa = PBXSourcesBuildPhase;
			buildActionMask = 2147483647;
			files = (
				F27375841CA64E9200CD7849 /* PopTestUITests.swift in Sources */,
			);
			runOnlyForDeploymentPostprocessing = 0;
		};
/* End PBXSourcesBuildPhase section */

/* Begin PBXTargetDependency section */
		F27375761CA64E9200CD7849 /* PBXTargetDependency */ = {
			isa = PBXTargetDependency;
			target = F273755C1CA64E9100CD7849 /* PopTest */;
			targetProxy = F27375751CA64E9200CD7849 /* PBXContainerItemProxy */;
		};
		F27375811CA64E9200CD7849 /* PBXTargetDependency */ = {
			isa = PBXTargetDependency;
			target = F273755C1CA64E9100CD7849 /* PopTest */;
			targetProxy = F27375801CA64E9200CD7849 /* PBXContainerItemProxy */;
		};
/* End PBXTargetDependency section */

/* Begin PBXVariantGroup section */
		F27375641CA64E9200CD7849 /* Main.storyboard */ = {
			isa = PBXVariantGroup;
			children = (
				F27375651CA64E9200CD7849 /* Base */,
			);
			name = Main.storyboard;
			sourceTree = "<group>";
		};
		F273756C1CA64E9200CD7849 /* LaunchScreen.storyboard */ = {
			isa = PBXVariantGroup;
			children = (
				F273756D1CA64E9200CD7849 /* Base */,
			);
			name = LaunchScreen.storyboard;
			sourceTree = "<group>";
		};
/* End PBXVariantGroup section */

/* Begin XCBuildConfiguration section */
		F27375861CA64E9200CD7849 /* Debug */ = {
			isa = XCBuildConfiguration;
			buildSettings = {
				ALWAYS_SEARCH_USER_PATHS = NO;
				CLANG_ANALYZER_NONNULL = YES;
				CLANG_CXX_LANGUAGE_STANDARD = "gnu++0x";
				CLANG_CXX_LIBRARY = "libc++";
				CLANG_ENABLE_MODULES = YES;
				CLANG_ENABLE_OBJC_ARC = YES;
				CLANG_WARN_BOOL_CONVERSION = YES;
				CLANG_WARN_CONSTANT_CONVERSION = YES;
				CLANG_WARN_DIRECT_OBJC_ISA_USAGE = YES_ERROR;
				CLANG_WARN_EMPTY_BODY = YES;
				CLANG_WARN_ENUM_CONVERSION = YES;
				CLANG_WARN_INT_CONVERSION = YES;
				CLANG_WARN_OBJC_ROOT_CLASS = YES_ERROR;
				CLANG_WARN_UNREACHABLE_CODE = YES;
				CLANG_WARN__DUPLICATE_METHOD_MATCH = YES;
				"CODE_SIGN_IDENTITY[sdk=iphoneos*]" = "iPhone Developer";
				COPY_PHASE_STRIP = NO;
				DEBUG_INFORMATION_FORMAT = dwarf;
				ENABLE_STRICT_OBJC_MSGSEND = YES;
				ENABLE_TESTABILITY = YES;
				GCC_C_LANGUAGE_STANDARD = gnu99;
				GCC_DYNAMIC_NO_PIC = NO;
				GCC_NO_COMMON_BLOCKS = YES;
				GCC_OPTIMIZATION_LEVEL = 0;
				GCC_PREPROCESSOR_DEFINITIONS = (
					"DEBUG=1",
					"$(inherited)",
				);
				GCC_WARN_64_TO_32_BIT_CONVERSION = YES;
				GCC_WARN_ABOUT_RETURN_TYPE = YES_ERROR;
				GCC_WARN_UNDECLARED_SELECTOR = YES;
				GCC_WARN_UNINITIALIZED_AUTOS = YES_AGGRESSIVE;
				GCC_WARN_UNUSED_FUNCTION = YES;
				GCC_WARN_UNUSED_VARIABLE = YES;
				IPHONEOS_DEPLOYMENT_TARGET = 9.3;
				MTL_ENABLE_DEBUG_INFO = YES;
				ONLY_ACTIVE_ARCH = YES;
				SDKROOT = iphoneos;
				SWIFT_OPTIMIZATION_LEVEL = "-Onone";
			};
			name = Debug;
		};
		F27375871CA64E9200CD7849 /* Release */ = {
			isa = XCBuildConfiguration;
			buildSettings = {
				ALWAYS_SEARCH_USER_PATHS = NO;
				CLANG_ANALYZER_NONNULL = YES;
				CLANG_CXX_LANGUAGE_STANDARD = "gnu++0x";
				CLANG_CXX_LIBRARY = "libc++";
				CLANG_ENABLE_MODULES = YES;
				CLANG_ENABLE_OBJC_ARC = YES;
				CLANG_WARN_BOOL_CONVERSION = YES;
				CLANG_WARN_CONSTANT_CONVERSION = YES;
				CLANG_WARN_DIRECT_OBJC_ISA_USAGE = YES_ERROR;
				CLANG_WARN_EMPTY_BODY = YES;
				CLANG_WARN_ENUM_CONVERSION = YES;
				CLANG_WARN_INT_CONVERSION = YES;
				CLANG_WARN_OBJC_ROOT_CLASS = YES_ERROR;
				CLANG_WARN_UNREACHABLE_CODE = YES;
				CLANG_WARN__DUPLICATE_METHOD_MATCH = YES;
				"CODE_SIGN_IDENTITY[sdk=iphoneos*]" = "iPhone Developer";
				COPY_PHASE_STRIP = NO;
				DEBUG_INFORMATION_FORMAT = "dwarf-with-dsym";
				ENABLE_NS_ASSERTIONS = NO;
				ENABLE_STRICT_OBJC_MSGSEND = YES;
				GCC_C_LANGUAGE_STANDARD = gnu99;
				GCC_NO_COMMON_BLOCKS = YES;
				GCC_WARN_64_TO_32_BIT_CONVERSION = YES;
				GCC_WARN_ABOUT_RETURN_TYPE = YES_ERROR;
				GCC_WARN_UNDECLARED_SELECTOR = YES;
				GCC_WARN_UNINITIALIZED_AUTOS = YES_AGGRESSIVE;
				GCC_WARN_UNUSED_FUNCTION = YES;
				GCC_WARN_UNUSED_VARIABLE = YES;
				IPHONEOS_DEPLOYMENT_TARGET = 9.3;
				MTL_ENABLE_DEBUG_INFO = NO;
				SDKROOT = iphoneos;
				VALIDATE_PRODUCT = YES;
			};
			name = Release;
		};
		F27375891CA64E9200CD7849 /* Debug */ = {
			isa = XCBuildConfiguration;
			baseConfigurationReference = 097CD9BE4C98E184833E733E /* Pods-PopTest.debug.xcconfig */;
			buildSettings = {
				ASSETCATALOG_COMPILER_APPICON_NAME = AppIcon;
				CLANG_ENABLE_MODULES = YES;
				INFOPLIST_FILE = PopTest/Info.plist;
				IPHONEOS_DEPLOYMENT_TARGET = 9.3;
				LD_RUNPATH_SEARCH_PATHS = "$(inherited) @executable_path/Frameworks";
				PRODUCT_BUNDLE_IDENTIFIER = com.wangkang0801.PopTest;
				PRODUCT_NAME = "$(TARGET_NAME)";
				SWIFT_OBJC_BRIDGING_HEADER = "PopTest/PopTest-Bridging-Header.h";
				SWIFT_OPTIMIZATION_LEVEL = "-Onone";
			};
			name = Debug;
		};
		F273758A1CA64E9200CD7849 /* Release */ = {
			isa = XCBuildConfiguration;
			baseConfigurationReference = 2512B74839183DB933668D09 /* Pods-PopTest.release.xcconfig */;
			buildSettings = {
				ASSETCATALOG_COMPILER_APPICON_NAME = AppIcon;
				CLANG_ENABLE_MODULES = YES;
				INFOPLIST_FILE = PopTest/Info.plist;
				IPHONEOS_DEPLOYMENT_TARGET = 9.3;
				LD_RUNPATH_SEARCH_PATHS = "$(inherited) @executable_path/Frameworks";
				PRODUCT_BUNDLE_IDENTIFIER = com.wangkang0801.PopTest;
				PRODUCT_NAME = "$(TARGET_NAME)";
				SWIFT_OBJC_BRIDGING_HEADER = "PopTest/PopTest-Bridging-Header.h";
			};
			name = Release;
		};
		F273758C1CA64E9200CD7849 /* Debug */ = {
			isa = XCBuildConfiguration;
			buildSettings = {
				BUNDLE_LOADER = "$(TEST_HOST)";
				INFOPLIST_FILE = PopTestTests/Info.plist;
				LD_RUNPATH_SEARCH_PATHS = "$(inherited) @executable_path/Frameworks @loader_path/Frameworks";
				PRODUCT_BUNDLE_IDENTIFIER = com.wangkang0801.PopTestTests;
				PRODUCT_NAME = "$(TARGET_NAME)";
				TEST_HOST = "$(BUILT_PRODUCTS_DIR)/PopTest.app/PopTest";
			};
			name = Debug;
		};
		F273758D1CA64E9200CD7849 /* Release */ = {
			isa = XCBuildConfiguration;
			buildSettings = {
				BUNDLE_LOADER = "$(TEST_HOST)";
				INFOPLIST_FILE = PopTestTests/Info.plist;
				LD_RUNPATH_SEARCH_PATHS = "$(inherited) @executable_path/Frameworks @loader_path/Frameworks";
				PRODUCT_BUNDLE_IDENTIFIER = com.wangkang0801.PopTestTests;
				PRODUCT_NAME = "$(TARGET_NAME)";
				TEST_HOST = "$(BUILT_PRODUCTS_DIR)/PopTest.app/PopTest";
			};
			name = Release;
		};
		F273758F1CA64E9200CD7849 /* Debug */ = {
			isa = XCBuildConfiguration;
			buildSettings = {
				INFOPLIST_FILE = PopTestUITests/Info.plist;
				LD_RUNPATH_SEARCH_PATHS = "$(inherited) @executable_path/Frameworks @loader_path/Frameworks";
				PRODUCT_BUNDLE_IDENTIFIER = com.wangkang0801.PopTestUITests;
				PRODUCT_NAME = "$(TARGET_NAME)";
				TEST_TARGET_NAME = PopTest;
			};
			name = Debug;
		};
		F27375901CA64E9200CD7849 /* Release */ = {
			isa = XCBuildConfiguration;
			buildSettings = {
				INFOPLIST_FILE = PopTestUITests/Info.plist;
				LD_RUNPATH_SEARCH_PATHS = "$(inherited) @executable_path/Frameworks @loader_path/Frameworks";
				PRODUCT_BUNDLE_IDENTIFIER = com.wangkang0801.PopTestUITests;
				PRODUCT_NAME = "$(TARGET_NAME)";
				TEST_TARGET_NAME = PopTest;
			};
			name = Release;
		};
/* End XCBuildConfiguration section */

/* Begin XCConfigurationList section */
		F27375581CA64E9100CD7849 /* Build configuration list for PBXProject "PopTest" */ = {
			isa = XCConfigurationList;
			buildConfigurations = (
				F27375861CA64E9200CD7849 /* Debug */,
				F27375871CA64E9200CD7849 /* Release */,
			);
			defaultConfigurationIsVisible = 0;
			defaultConfigurationName = Release;
		};
		F27375881CA64E9200CD7849 /* Build configuration list for PBXNativeTarget "PopTest" */ = {
			isa = XCConfigurationList;
			buildConfigurations = (
				F27375891CA64E9200CD7849 /* Debug */,
				F273758A1CA64E9200CD7849 /* Release */,
			);
			defaultConfigurationIsVisible = 0;
			defaultConfigurationName = Release;
		};
		F273758B1CA64E9200CD7849 /* Build configuration list for PBXNativeTarget "PopTestTests" */ = {
			isa = XCConfigurationList;
			buildConfigurations = (
				F273758C1CA64E9200CD7849 /* Debug */,
				F273758D1CA64E9200CD7849 /* Release */,
			);
			defaultConfigurationIsVisible = 0;
			defaultConfigurationName = Release;
		};
		F273758E1CA64E9200CD7849 /* Build configuration list for PBXNativeTarget "PopTestUITests" */ = {
			isa = XCConfigurationList;
			buildConfigurations = (
				F273758F1CA64E9200CD7849 /* Debug */,
				F27375901CA64E9200CD7849 /* Release */,
			);
			defaultConfigurationIsVisible = 0;
			defaultConfigurationName = Release;
		};
/* End XCConfigurationList section */

/* Begin XCVersionGroup section */
		F27375671CA64E9200CD7849 /* PopTest.xcdatamodeld */ = {
			isa = XCVersionGroup;
			children = (
				F27375681CA64E9200CD7849 /* PopTest.xcdatamodel */,
			);
			currentVersion = F27375681CA64E9200CD7849 /* PopTest.xcdatamodel */;
			path = PopTest.xcdatamodeld;
			sourceTree = "<group>";
			versionGroupType = wrapper.xcdatamodel;
		};
/* End XCVersionGroup section */
	};
	rootObject = F27375551CA64E9100CD7849 /* Project object */;
}
